// !$*UTF8*$!
{
	archiveVersion = 1;
	classes = {
	};
	objectVersion = 46;
	objects = {

/* Begin PBXBuildFile section */
		1ACD2AE01A6E92D1001ADC0D /* main.swift in Sources */ = {isa = PBXBuildFile; fileRef = 1ACD2ADF1A6E92D1001ADC0D /* main.swift */; };
/* End PBXBuildFile section */

/* Begin PBXCopyFilesBuildPhase section */
		1ACD2ADA1A6E92D1001ADC0D /* CopyFiles */ = {
			isa = PBXCopyFilesBuildPhase;
			buildActionMask = 2147483647;
			dstPath = /usr/share/man/man1/;
			dstSubfolderSpec = 0;
			files = (
			);
			runOnlyForDeploymentPostprocessing = 1;
		};
/* End PBXCopyFilesBuildPhase section */

/* Begin PBXFileReference section */
		1ACD2ADC1A6E92D1001ADC0D /* swift-study */ = {isa = PBXFileReference; explicitFileType = "compiled.mach-o.executable"; includeInIndex = 0; path = "swift-study"; sourceTree = BUILT_PRODUCTS_DIR; };
		1ACD2ADF1A6E92D1001ADC0D /* main.swift */ = {isa = PBXFileReference; lastKnownFileType = sourcecode.swift; path = main.swift; sourceTree = "<group>"; };
/* End PBXFileReference section */

/* Begin PBXFrameworksBuildPhase section */
		1ACD2AD91A6E92D1001ADC0D /* Frameworks */ = {
			isa = PBXFrameworksBuildPhase;
			buildActionMask = 2147483647;
			files = (
			);
			runOnlyForDeploymentPostprocessing = 0;
		};
/* End PBXFrameworksBuildPhase section */

/* Begin PBXGroup section */
		1ACD2AD31A6E92D1001ADC0D = {
			isa = PBXGroup;
			children = (
				1ACD2ADE1A6E92D1001ADC0D /* swift-study */,
				1ACD2ADD1A6E92D1001ADC0D /* Products */,
			);
			sourceTree = "<group>";
		};
		1ACD2ADD1A6E92D1001ADC0D /* Products */ = {
			isa = PBXGroup;
			children = (
				1ACD2ADC1A6E92D1001ADC0D /* swift-study */,
			);
			name = Products;
			sourceTree = "<group>";
		};
		1ACD2ADE1A6E92D1001ADC0D /* swift-study */ = {
			isa = PBXGroup;
			children = (
				1ACD2ADF1A6E92D1001ADC0D /* main.swift */,
			);
			path = "swift-study";
			sourceTree = "<group>";
		};
/* End PBXGroup section */

/* Begin PBXNativeTarget section */
		1ACD2ADB1A6E92D1001ADC0D /* swift-study */ = {
			isa = PBXNativeTarget;
			buildConfigurationList = 1ACD2AE31A6E92D1001ADC0D /* Build configuration list for PBXNativeTarget "swift-study" */;
			buildPhases = (
				1ACD2AD81A6E92D1001ADC0D /* Sources */,
				1ACD2AD91A6E92D1001ADC0D /* Frameworks */,
				1ACD2ADA1A6E92D1001ADC0D /* CopyFiles */,
			);
			buildRules = (
			);
			dependencies = (
			);
			name = "swift-study";
			productName = "swift-study";
			productReference = 1ACD2ADC1A6E92D1001ADC0D /* swift-study */;
			productType = "com.apple.product-type.tool";
		};
/* End PBXNativeTarget section */

/* Begin PBXProject section */
		1ACD2AD41A6E92D1001ADC0D /* Project object */ = {
			isa = PBXProject;
			attributes = {
				LastUpgradeCheck = 0610;
				ORGANIZATIONNAME = darkpuca;
				TargetAttributes = {
					1ACD2ADB1A6E92D1001ADC0D = {
						CreatedOnToolsVersion = 6.1.1;
					};
				};
			};
			buildConfigurationList = 1ACD2AD71A6E92D1001ADC0D /* Build configuration list for PBXProject "swift-study" */;
			compatibilityVersion = "Xcode 3.2";
			developmentRegion = English;
			hasScannedForEncodings = 0;
			knownRegions = (
				en,
			);
			mainGroup = 1ACD2AD31A6E92D1001ADC0D;
			productRefGroup = 1ACD2ADD1A6E92D1001ADC0D /* Products */;
			projectDirPath = "";
			projectRoot = "";
			targets = (
				1ACD2ADB1A6E92D1001ADC0D /* swift-study */,
			);
		};
/* End PBXProject section */

/* Begin PBXSourcesBuildPhase section */
		1ACD2AD81A6E92D1001ADC0D /* Sources */ = {
			isa = PBXSourcesBuildPhase;
			buildActionMask = 2147483647;
			files = (
				1ACD2AE01A6E92D1001ADC0D /* main.swift in Sources */,
			);
			runOnlyForDeploymentPostprocessing = 0;
		};
/* End PBXSourcesBuildPhase section */

/* Begin XCBuildConfiguration section */
		1ACD2AE11A6E92D1001ADC0D /* Debug */ = {
			isa = XCBuildConfiguration;
			buildSettings = {
				ALWAYS_SEARCH_USER_PATHS = NO;
				CLANG_CXX_LANGUAGE_STANDARD = "gnu++0x";
				CLANG_CXX_LIBRARY = "libc++";
				CLANG_ENABLE_MODULES = YES;
				CLANG_ENABLE_OBJC_ARC = YES;
				CLANG_WARN_BOOL_CONVERSION = YES;
				CLANG_WARN_CONSTANT_CONVERSION = YES;
				CLANG_WARN_DIRECT_OBJC_ISA_USAGE = YES_ERROR;
				CLANG_WARN_EMPTY_BODY = YES;
				CLANG_WARN_ENUM_CONVERSION = YES;
				CLANG_WARN_INT_CONVERSION = YES;
				CLANG_WARN_OBJC_ROOT_CLASS = YES_ERROR;
				CLANG_WARN_UNREACHABLE_CODE = YES;
				CLANG_WARN__DUPLICATE_METHOD_MATCH = YES;
				COPY_PHASE_STRIP = NO;
				ENABLE_STRICT_OBJC_MSGSEND = YES;
				GCC_C_LANGUAGE_STANDARD = gnu99;
				GCC_DYNAMIC_NO_PIC = NO;
				GCC_OPTIMIZATION_LEVEL = 0;
				GCC_PREPROCESSOR_DEFINITIONS = (
					"DEBUG=1",
					"$(inherited)",
				);
				GCC_SYMBOLS_PRIVATE_EXTERN = NO;
				GCC_WARN_64_TO_32_BIT_CONVERSION = YES;
				GCC_WARN_ABOUT_RETURN_TYPE = YES_ERROR;
				GCC_WARN_UNDECLARED_SELECTOR = YES;
				GCC_WARN_UNINITIALIZED_AUTOS = YES_AGGRESSIVE;
				GCC_WARN_UNUSED_FUNCTION = YES;
				GCC_WARN_UNUSED_VARIABLE = YES;
				MACOSX_DEPLOYMENT_TARGET = 10.10;
				MTL_ENABLE_DEBUG_INFO = YES;
				ONLY_ACTIVE_ARCH = YES;
				SDKROOT = macosx;
				SWIFT_OPTIMIZATION_LEVEL = "-Onone";
			};
			name = Debug;
		};
		1ACD2AE21A6E92D1001ADC0D /* Release */ = {
			isa = XCBuildConfiguration;
			buildSettings = {
				ALWAYS_SEARCH_USER_PATHS = NO;
				CLANG_CXX_LANGUAGE_STANDARD = "gnu++0x";
				CLANG_CXX_LIBRARY = "libc++";
				CLANG_ENABLE_MODULES = YES;
				CLANG_ENABLE_OBJC_ARC = YES;
				CLANG_WARN_BOOL_CONVERSION = YES;
				CLANG_WARN_CONSTANT_CONVERSION = YES;
				CLANG_WARN_DIRECT_OBJC_ISA_USAGE = YES_ERROR;
				CLANG_WARN_EMPTY_BODY = YES;
				CLANG_WARN_ENUM_CONVERSION = YES;
				CLANG_WARN_INT_CONVERSION = YES;
				CLANG_WARN_OBJC_ROOT_CLASS = YES_ERROR;
				CLANG_WARN_UNREACHABLE_CODE = YES;
				CLANG_WARN__DUPLICATE_METHOD_MATCH = YES;
				COPY_PHASE_STRIP = YES;
				DEBUG_INFORMATION_FORMAT = "dwarf-with-dsym";
				ENABLE_NS_ASSERTIONS = NO;
				ENABLE_STRICT_OBJC_MSGSEND = YES;
				GCC_C_LANGUAGE_STANDARD = gnu99;
				GCC_WARN_64_TO_32_BIT_CONVERSION = YES;
				GCC_WARN_ABOUT_RETURN_TYPE = YES_ERROR;
				GCC_WARN_UNDECLARED_SELECTOR = YES;
				GCC_WARN_UNINITIALIZED_AUTOS = YES_AGGRESSIVE;
				GCC_WARN_UNUSED_FUNCTION = YES;
				GCC_WARN_UNUSED_VARIABLE = YES;
				MACOSX_DEPLOYMENT_TARGET = 10.10;
				MTL_ENABLE_DEBUG_INFO = NO;
				SDKROOT = macosx;
			};
			name = Release;
		};
		1ACD2AE41A6E92D1001ADC0D /* Debug */ = {
			isa = XCBuildConfiguration;
			buildSettings = {
				PRODUCT_NAME = "$(TARGET_NAME)";
			};
			name = Debug;
		};
		1ACD2AE51A6E92D1001ADC0D /* Release */ = {
			isa = XCBuildConfiguration;
			buildSettings = {
				PRODUCT_NAME = "$(TARGET_NAME)";
			};
			name = Release;
		};
/* End XCBuildConfiguration section */

/* Begin XCConfigurationList section */
		1ACD2AD71A6E92D1001ADC0D /* Build configuration list for PBXProject "swift-study" */ = {
			isa = XCConfigurationList;
			buildConfigurations = (
				1ACD2AE11A6E92D1001ADC0D /* Debug */,
				1ACD2AE21A6E92D1001ADC0D /* Release */,
			);
			defaultConfigurationIsVisible = 0;
			defaultConfigurationName = Release;
		};
		1ACD2AE31A6E92D1001ADC0D /* Build configuration list for PBXNativeTarget "swift-study" */ = {
			isa = XCConfigurationList;
			buildConfigurations = (
				1ACD2AE41A6E92D1001ADC0D /* Debug */,
				1ACD2AE51A6E92D1001ADC0D /* Release */,
			);
			defaultConfigurationIsVisible = 0;
		};
/* End XCConfigurationList section */
	};
	rootObject = 1ACD2AD41A6E92D1001ADC0D /* Project object */;
}
